{
  "originHash" : "d1717cbfee7dc4212bd548ad42f5537c4dc2ac30097c7ac37c8bcde4767db529",
  "pins" : [
    {
      "identity" : "locationradiuspicker",
      "kind" : "remoteSourceControl",
      "location" : "https://github.com/birkoof/LocationRadiusPicker.git",
      "state" : {
        "revision" : "7a590f1e3a100fb3942976ab1b2ac28ff2404899",
        "version" : "1.0.0"
      }
    },
    {
      "identity" : "swiftlintplugins",
      "kind" : "remoteSourceControl",
      "location" : "https://github.com/SimplyDanny/SwiftLintPlugins",
      "state" : {
        "revision" : "18d8d2d18e1668006d1d209e0b5f5e06c1da7cb5",
        "version" : "0.63.3"
      }
    }
  ],
  "version" : 3
}
